
Microsoft Visual Studio Solution File, Format Version 12.00
# Visual Studio 15
VisualStudioVersion = 15.0.28307.779
MinimumVisualStudioVersion = 10.0.40219.1
Project("{FAE04EC0-301F-11D3-BF4B-00C04F79EFBC}") = "AJAXTable", "AJAXTable\AJAXTable.csproj", "{71DFA121-9D7B-419E-8ADE-52C57E225E9A}"
EndProject
Global
	GlobalSection(SolutionConfigurationPlatforms) = preSolution
		Debug|Any CPU = Debug|Any CPU
		Release|Any CPU = Release|Any CPU
	EndGlobalSection
	GlobalSection(ProjectConfigurationPlatforms) = postSolution
		{71DFA121-9D7B-419E-8ADE-52C57E225E9A}.Debug|Any CPU.ActiveCfg = Debug|Any CPU
		{71DFA121-9D7B-419E-8ADE-52C57E225E9A}.Debug|Any CPU.Build.0 = Debug|Any CPU
		{71DFA121-9D7B-419E-8ADE-52C57E225E9A}.Release|Any CPU.ActiveCfg = Release|Any CPU
		{71DFA121-9D7B-419E-8ADE-52C57E225E9A}.Release|Any CPU.Build.0 = Release|Any CPU
	EndGlobalSection
	GlobalSection(SolutionProperties) = preSolution
		HideSolutionNode = FALSE
	EndGlobalSection
	GlobalSection(ExtensibilityGlobals) = postSolution
		SolutionGuid = {AA378FE3-B5FD-44E9-A8B6-AC5A700CC41A}
	EndGlobalSection
EndGlobal
